// !$*UTF8*$!
{
	archiveVersion = 1;
	classes = {
	};
	objectVersion = 46;
	objects = {

/* Begin PBXBuildFile section */
		620502BE1C73D50D00A6AB19 /* main.c in Sources */ = {isa = PBXBuildFile; fileRef = 620502BD1C73D50D00A6AB19 /* main.c */; };
/* End PBXBuildFile section */

/* Begin PBXCopyFilesBuildPhase section */
		620502B81C73D50D00A6AB19 /* CopyFiles */ = {
			isa = PBXCopyFilesBuildPhase;
			buildActionMask = 2147483647;
			dstPath = /usr/share/man/man1/;
			dstSubfolderSpec = 0;
			files = (
			);
			runOnlyForDeploymentPostprocessing = 1;
		};
/* End PBXCopyFilesBuildPhase section */

/* Begin PBXFileReference section */
		620502BA1C73D50D00A6AB19 /* my_pthread_t */ = {isa = PBXFileReference; explicitFileType = "compiled.mach-o.executable"; includeInIndex = 0; path = my_pthread_t; sourceTree = BUILT_PRODUCTS_DIR; };
		620502BD1C73D50D00A6AB19 /* main.c */ = {isa = PBXFileReference; lastKnownFileType = sourcecode.c.c; path = main.c; sourceTree = "<group>"; };
/* End PBXFileReference section */

/* Begin PBXFrameworksBuildPhase section */
		620502B71C73D50D00A6AB19 /* Frameworks */ = {
			isa = PBXFrameworksBuildPhase;
			buildActionMask = 2147483647;
			files = (
			);
			runOnlyForDeploymentPostprocessing = 0;
		};
/* End PBXFrameworksBuildPhase section */

/* Begin PBXGroup section */
		620502B11C73D50D00A6AB19 = {
			isa = PBXGroup;
			children = (
				620502BC1C73D50D00A6AB19 /* my_pthread_t */,
				620502BB1C73D50D00A6AB19 /* Products */,
			);
			sourceTree = "<group>";
		};
		620502BB1C73D50D00A6AB19 /* Products */ = {
			isa = PBXGroup;
			children = (
				620502BA1C73D50D00A6AB19 /* my_pthread_t */,
			);
			name = Products;
			sourceTree = "<group>";
		};
		620502BC1C73D50D00A6AB19 /* my_pthread_t */ = {
			isa = PBXGroup;
			children = (
				620502BD1C73D50D00A6AB19 /* main.c */,
			);
			path = my_pthread_t;
			sourceTree = "<group>";
		};
/* End PBXGroup section */

/* Begin PBXNativeTarget section */
		620502B91C73D50D00A6AB19 /* my_pthread_t */ = {
			isa = PBXNativeTarget;
			buildConfigurationList = 620502C11C73D50D00A6AB19 /* Build configuration list for PBXNativeTarget "my_pthread_t" */;
			buildPhases = (
				620502B61C73D50D00A6AB19 /* Sources */,
				620502B71C73D50D00A6AB19 /* Frameworks */,
				620502B81C73D50D00A6AB19 /* CopyFiles */,
			);
			buildRules = (
			);
			dependencies = (
			);
			name = my_pthread_t;
			productName = my_pthread_t;
			productReference = 620502BA1C73D50D00A6AB19 /* my_pthread_t */;
			productType = "com.apple.product-type.tool";
		};
/* End PBXNativeTarget section */

/* Begin PBXProject section */
		620502B21C73D50D00A6AB19 /* Project object */ = {
			isa = PBXProject;
			attributes = {
				LastUpgradeCheck = 0610;
				ORGANIZATIONNAME = "Ronil Mehta";
				TargetAttributes = {
					620502B91C73D50D00A6AB19 = {
						CreatedOnToolsVersion = 6.1.1;
					};
				};
			};
			buildConfigurationList = 620502B51C73D50D00A6AB19 /* Build configuration list for PBXProject "my_pthread_t" */;
			compatibilityVersion = "Xcode 3.2";
			developmentRegion = English;
			hasScannedForEncodings = 0;
			knownRegions = (
				en,
			);
			mainGroup = 620502B11C73D50D00A6AB19;
			productRefGroup = 620502BB1C73D50D00A6AB19 /* Products */;
			projectDirPath = "";
			projectRoot = "";
			targets = (
				620502B91C73D50D00A6AB19 /* my_pthread_t */,
			);
		};
/* End PBXProject section */

/* Begin PBXSourcesBuildPhase section */
		620502B61C73D50D00A6AB19 /* Sources */ = {
			isa = PBXSourcesBuildPhase;
			buildActionMask = 2147483647;
			files = (
				620502BE1C73D50D00A6AB19 /* main.c in Sources */,
			);
			runOnlyForDeploymentPostprocessing = 0;
		};
/* End PBXSourcesBuildPhase section */

/* Begin XCBuildConfiguration section */
		620502BF1C73D50D00A6AB19 /* Debug */ = {
			isa = XCBuildConfiguration;
			buildSettings = {
				ALWAYS_SEARCH_USER_PATHS = NO;
				CLANG_CXX_LANGUAGE_STANDARD = "gnu++0x";
				CLANG_CXX_LIBRARY = "libc++";
				CLANG_ENABLE_MODULES = YES;
				CLANG_ENABLE_OBJC_ARC = YES;
				CLANG_WARN_BOOL_CONVERSION = YES;
				CLANG_WARN_CONSTANT_CONVERSION = YES;
				CLANG_WARN_DIRECT_OBJC_ISA_USAGE = YES_ERROR;
				CLANG_WARN_EMPTY_BODY = YES;
				CLANG_WARN_ENUM_CONVERSION = YES;
				CLANG_WARN_INT_CONVERSION = YES;
				CLANG_WARN_OBJC_ROOT_CLASS = YES_ERROR;
				CLANG_WARN_UNREACHABLE_CODE = YES;
				CLANG_WARN__DUPLICATE_METHOD_MATCH = YES;
				COPY_PHASE_STRIP = NO;
				ENABLE_STRICT_OBJC_MSGSEND = YES;
				GCC_C_LANGUAGE_STANDARD = gnu99;
				GCC_DYNAMIC_NO_PIC = NO;
				GCC_OPTIMIZATION_LEVEL = 0;
				GCC_PREPROCESSOR_DEFINITIONS = (
					"DEBUG=1",
					"$(inherited)",
				);
				GCC_SYMBOLS_PRIVATE_EXTERN = NO;
				GCC_WARN_64_TO_32_BIT_CONVERSION = YES;
				GCC_WARN_ABOUT_RETURN_TYPE = YES_ERROR;
				GCC_WARN_UNDECLARED_SELECTOR = YES;
				GCC_WARN_UNINITIALIZED_AUTOS = YES_AGGRESSIVE;
				GCC_WARN_UNUSED_FUNCTION = YES;
				GCC_WARN_UNUSED_VARIABLE = YES;
				MACOSX_DEPLOYMENT_TARGET = 10.10;
				MTL_ENABLE_DEBUG_INFO = YES;
				ONLY_ACTIVE_ARCH = YES;
				SDKROOT = macosx;
			};
			name = Debug;
		};
		620502C01C73D50D00A6AB19 /* Release */ = {
			isa = XCBuildConfiguration;
			buildSettings = {
				ALWAYS_SEARCH_USER_PATHS = NO;
				CLANG_CXX_LANGUAGE_STANDARD = "gnu++0x";
				CLANG_CXX_LIBRARY = "libc++";
				CLANG_ENABLE_MODULES = YES;
				CLANG_ENABLE_OBJC_ARC = YES;
				CLANG_WARN_BOOL_CONVERSION = YES;
				CLANG_WARN_CONSTANT_CONVERSION = YES;
				CLANG_WARN_DIRECT_OBJC_ISA_USAGE = YES_ERROR;
				CLANG_WARN_EMPTY_BODY = YES;
				CLANG_WARN_ENUM_CONVERSION = YES;
				CLANG_WARN_INT_CONVERSION = YES;
				CLANG_WARN_OBJC_ROOT_CLASS = YES_ERROR;
				CLANG_WARN_UNREACHABLE_CODE = YES;
				CLANG_WARN__DUPLICATE_METHOD_MATCH = YES;
				COPY_PHASE_STRIP = YES;
				DEBUG_INFORMATION_FORMAT = "dwarf-with-dsym";
				ENABLE_NS_ASSERTIONS = NO;
				ENABLE_STRICT_OBJC_MSGSEND = YES;
				GCC_C_LANGUAGE_STANDARD = gnu99;
				GCC_WARN_64_TO_32_BIT_CONVERSION = YES;
				GCC_WARN_ABOUT_RETURN_TYPE = YES_ERROR;
				GCC_WARN_UNDECLARED_SELECTOR = YES;
				GCC_WARN_UNINITIALIZED_AUTOS = YES_AGGRESSIVE;
				GCC_WARN_UNUSED_FUNCTION = YES;
				GCC_WARN_UNUSED_VARIABLE = YES;
				MACOSX_DEPLOYMENT_TARGET = 10.10;
				MTL_ENABLE_DEBUG_INFO = NO;
				SDKROOT = macosx;
			};
			name = Release;
		};
		620502C21C73D50D00A6AB19 /* Debug */ = {
			isa = XCBuildConfiguration;
			buildSettings = {
				PRODUCT_NAME = "$(TARGET_NAME)";
			};
			name = Debug;
		};
		620502C31C73D50D00A6AB19 /* Release */ = {
			isa = XCBuildConfiguration;
			buildSettings = {
				PRODUCT_NAME = "$(TARGET_NAME)";
			};
			name = Release;
		};
/* End XCBuildConfiguration section */

/* Begin XCConfigurationList section */
		620502B51C73D50D00A6AB19 /* Build configuration list for PBXProject "my_pthread_t" */ = {
			isa = XCConfigurationList;
			buildConfigurations = (
				620502BF1C73D50D00A6AB19 /* Debug */,
				620502C01C73D50D00A6AB19 /* Release */,
			);
			defaultConfigurationIsVisible = 0;
			defaultConfigurationName = Release;
		};
		620502C11C73D50D00A6AB19 /* Build configuration list for PBXNativeTarget "my_pthread_t" */ = {
			isa = XCConfigurationList;
			buildConfigurations = (
				620502C21C73D50D00A6AB19 /* Debug */,
				620502C31C73D50D00A6AB19 /* Release */,
			);
			defaultConfigurationIsVisible = 0;
		};
/* End XCConfigurationList section */
	};
	rootObject = 620502B21C73D50D00A6AB19 /* Project object */;
}
